<?xml version="1.0" encoding="utf-8"?>
<Project ToolsVersion="4.0" xmlns="http://schemas.microsoft.com/developer/msbuild/2003">
  <ItemGroup>
    <Filter Include="Main">
      <UniqueIdentifier>{8557988d-0f40-435c-96fe-b07e59829bd5}</UniqueIdentifier>
    </Filter>
    <Filter Include="Utils">
      <UniqueIdentifier>{f6be1ae5-e31e-482a-affc-bf8575d13acf}</UniqueIdentifier>
    </Filter>
    <Filter Include="Manager">
      <UniqueIdentifier>{b4f407a7-feb7-48ec-bdc1-c01c31a4c59b}</UniqueIdentifier>
    </Filter>
  </ItemGroup>
  <ItemGroup>
    <ClInclude Include="pch.h">
      <Filter>Utils</Filter>
    </ClInclude>
    <ClInclude Include="DummySession.h">
      <Filter>Main</Filter>
    </ClInclude>
    <ClInclude Include="GameManager.h">
      <Filter>Manager</Filter>
    </ClInclude>
    <ClInclude Include="PacketHandler.h">
      <Filter>Manager</Filter>
    </ClInclude>
  </ItemGroup>
  <ItemGroup>
    <ClCompile Include="pch.cpp">
      <Filter>Utils</Filter>
    </ClCompile>
    <ClCompile Include="main.cpp">
      <Filter>Main</Filter>
    </ClCompile>
    <ClCompile Include="DummySession.cpp">
      <Filter>Main</Filter>
    </ClCompile>
    <ClCompile Include="GameManager.cpp">
      <Filter>Manager</Filter>
    </ClCompile>
    <ClCompile Include="PacketHandler.cpp">
      <Filter>Manager</Filter>
    </ClCompile>
  </ItemGroup>
</Project>