
Microsoft Visual Studio Solution File, Format Version 12.00
# Visual Studio Version 17
VisualStudioVersion = 17.5.33424.131
MinimumVisualStudioVersion = 10.0.40219.1
Project("{8BC9CEB8-8B4A-11D0-8D11-00A0C91BC942}") = "ServerCore", "ServerCore\ServerCore.vcxproj", "{EF991451-C5FE-4EF8-987D-D0A356D008DC}"
EndProject
Project("{8BC9CEB8-8B4A-11D0-8D11-00A0C91BC942}") = "Server", "Server\Server.vcxproj", "{F807F640-D184-45A8-9634-9BED5AB08E9A}"
EndProject
Project("{8BC9CEB8-8B4A-11D0-8D11-00A0C91BC942}") = "DummyClient", "DummyClient\DummyClient.vcxproj", "{0C63C346-F5D0-4BC8-88D1-30983FC27D5C}"
EndProject
Global
	GlobalSection(SolutionConfigurationPlatforms) = preSolution
		Debug|x64 = Debug|x64
		Debug|x86 = Debug|x86
		Release|x64 = Release|x64
		Release|x86 = Release|x86
	EndGlobalSection
	GlobalSection(ProjectConfigurationPlatforms) = postSolution
		{EF991451-C5FE-4EF8-987D-D0A356D008DC}.Debug|x64.ActiveCfg = Debug|x64
		{EF991451-C5FE-4EF8-987D-D0A356D008DC}.Debug|x64.Build.0 = Debug|x64
		{EF991451-C5FE-4EF8-987D-D0A356D008DC}.Debug|x86.ActiveCfg = Debug|Win32
		{EF991451-C5FE-4EF8-987D-D0A356D008DC}.Debug|x86.Build.0 = Debug|Win32
		{EF991451-C5FE-4EF8-987D-D0A356D008DC}.Release|x64.ActiveCfg = Release|x64
		{EF991451-C5FE-4EF8-987D-D0A356D008DC}.Release|x64.Build.0 = Release|x64
		{EF991451-C5FE-4EF8-987D-D0A356D008DC}.Release|x86.ActiveCfg = Release|Win32
		{EF991451-C5FE-4EF8-987D-D0A356D008DC}.Release|x86.Build.0 = Release|Win32
		{F807F640-D184-45A8-9634-9BED5AB08E9A}.Debug|x64.ActiveCfg = Debug|x64
		{F807F640-D184-45A8-9634-9BED5AB08E9A}.Debug|x64.Build.0 = Debug|x64
		{F807F640-D184-45A8-9634-9BED5AB08E9A}.Debug|x86.ActiveCfg = Debug|Win32
		{F807F640-D184-45A8-9634-9BED5AB08E9A}.Debug|x86.Build.0 = Debug|Win32
		{F807F640-D184-45A8-9634-9BED5AB08E9A}.Release|x64.ActiveCfg = Release|x64
		{F807F640-D184-45A8-9634-9BED5AB08E9A}.Release|x64.Build.0 = Release|x64
		{F807F640-D184-45A8-9634-9BED5AB08E9A}.Release|x86.ActiveCfg = Release|Win32
		{F807F640-D184-45A8-9634-9BED5AB08E9A}.Release|x86.Build.0 = Release|Win32
		{0C63C346-F5D0-4BC8-88D1-30983FC27D5C}.Debug|x64.ActiveCfg = Debug|x64
		{0C63C346-F5D0-4BC8-88D1-30983FC27D5C}.Debug|x64.Build.0 = Debug|x64
		{0C63C346-F5D0-4BC8-88D1-30983FC27D5C}.Debug|x86.ActiveCfg = Debug|Win32
		{0C63C346-F5D0-4BC8-88D1-30983FC27D5C}.Debug|x86.Build.0 = Debug|Win32
		{0C63C346-F5D0-4BC8-88D1-30983FC27D5C}.Release|x64.ActiveCfg = Release|x64
		{0C63C346-F5D0-4BC8-88D1-30983FC27D5C}.Release|x64.Build.0 = Release|x64
		{0C63C346-F5D0-4BC8-88D1-30983FC27D5C}.Release|x86.ActiveCfg = Release|Win32
		{0C63C346-F5D0-4BC8-88D1-30983FC27D5C}.Release|x86.Build.0 = Release|Win32
	EndGlobalSection
	GlobalSection(SolutionProperties) = preSolution
		HideSolutionNode = FALSE
	EndGlobalSection
	GlobalSection(ExtensibilityGlobals) = postSolution
		SolutionGuid = {AE0AE610-7A2A-4FF1-9FBD-487FF070BD61}
	EndGlobalSection
EndGlobal
